{
  "version": 4,
  "terraform_version": "1.0.9",
  "serial": 73,
  "lineage": "9dc9a716-e8fa-2241-054a-b104526c74b9",
  "outputs": {},
  "resources": [
    {
      "mode": "data",
      "type": "aws_caller_identity",
      "name": "current",
      "provider": "provider[\"registry.terraform.io/hashicorp/aws\"]",
      "instances": [
        {
          "schema_version": 0,
          "attributes": {
            "account_id": "535160911602",
            "arn": "arn:aws:iam::535160911602:user/macie",
            "id": "535160911602",
            "user_id": "AIDAXZGQTO3ZEFYK3LUV2"
          },
          "sensitive_attributes": []
        }
      ]
    },
    {
      "mode": "managed",
      "type": "aws_cloudwatch_event_rule",
      "name": "this",
      "provider": "provider[\"registry.terraform.io/hashicorp/aws\"]",
      "instances": [
        {
          "schema_version": 0,
          "attributes": {
            "arn": "arn:aws:events:us-east-1:535160911602:rule/demo-event-rule",
            "description": "Rule that captures AWS Macie findings",
            "event_bus_name": "default",
            "event_pattern": "{\"detail-type\":[\"Macie Finding\"],\"source\":[\"aws.macie\"]}",
            "id": "demo-event-rule",
            "is_enabled": true,
            "name": "demo-event-rule",
            "name_prefix": "",
            "role_arn": "",
            "schedule_expression": "",
            "tags": {},
            "tags_all": {}
          },
          "sensitive_attributes": [],
          "private": "bnVsbA=="
        }
      ]
    },
    {
      "mode": "managed",
      "type": "aws_macie2_account",
      "name": "this",
      "provider": "provider[\"registry.terraform.io/hashicorp/aws\"]",
      "instances": [
        {
          "schema_version": 0,
          "attributes": {
            "created_at": "2022-09-13T00:51:50Z",
            "finding_publishing_frequency": "FIFTEEN_MINUTES",
            "id": "535160911602",
            "service_role": "arn:aws:iam::535160911602:role/aws-service-role/macie.amazonaws.com/AWSServiceRoleForAmazonMacie",
            "status": "ENABLED",
            "updated_at": "2022-09-13T00:51:50Z"
          },
          "sensitive_attributes": [],
          "private": "bnVsbA=="
        }
      ]
    },
    {
      "mode": "managed",
      "type": "aws_macie2_classification_job",
      "name": "this",
      "provider": "provider[\"registry.terraform.io/hashicorp/aws\"]",
      "instances": [
        {
          "schema_version": 0,
          "attributes": {
            "created_at": "2022-09-13T00:51:51Z",
            "custom_data_identifier_ids": [],
            "description": "",
            "id": "fb281b5350f8b48bd45bee4affdacc87",
            "initial_run": false,
            "job_arn": "arn:aws:macie2:us-east-1:535160911602:classification-job/fb281b5350f8b48bd45bee4affdacc87",
            "job_id": "fb281b5350f8b48bd45bee4affdacc87",
            "job_status": "RUNNING",
            "job_type": "SCHEDULED",
            "name": "demo-macie-detection-job",
            "name_prefix": "",
            "s3_job_definition": [
              {
                "bucket_criteria": [],
                "bucket_definitions": [
                  {
                    "account_id": "535160911602",
                    "buckets": [
                      "codepipeline-artifacts-storage-appcoe"
                    ]
                  }
                ],
                "scoping": [
                  {
                    "excludes": [],
                    "includes": []
                  }
                ]
              }
            ],
            "sampling_percentage": 100,
            "schedule_frequency": [
              {
                "daily_schedule": true,
                "monthly_schedule": 0,
                "weekly_schedule": ""
              }
            ],
            "tags": {},
            "tags_all": {},
            "user_paused_details": []
          },
          "sensitive_attributes": [],
          "private": "bnVsbA==",
          "dependencies": [
            "aws_macie2_account.this",
            "data.aws_caller_identity.current"
          ]
        }
      ]
    },
    {
      "mode": "managed",
      "type": "aws_macie2_custom_data_identifier",
      "name": "example",
      "provider": "provider[\"registry.terraform.io/hashicorp/aws\"]",
      "instances": [
        {
          "schema_version": 0,
          "attributes": {
            "arn": "arn:aws:macie2:us-east-1:535160911602:custom-data-identifier/ba4fefbc-115a-4133-a783-a18730820dc3",
            "created_at": "2022-09-13T00:51:51Z",
            "description": "DESCRIPTION",
            "id": "ba4fefbc-115a-4133-a783-a18730820dc3",
            "ignore_words": [
              "ignore"
            ],
            "keywords": [
              "keyword"
            ],
            "maximum_match_distance": 10,
            "name": "NAME OF CUSTOM DATA IDENTIFIER",
            "name_prefix": "",
            "regex": "[0-9]{3}-[0-9]{2}-[0-9]{4}",
            "tags": {},
            "tags_all": {}
          },
          "sensitive_attributes": [],
          "private": "bnVsbA==",
          "dependencies": [
            "aws_macie2_account.this"
          ]
        }
      ]
    },
    {
      "mode": "managed",
      "type": "aws_macie2_organization_admin_account",
      "name": "admin",
      "provider": "provider[\"registry.terraform.io/hashicorp/aws\"]",
      "instances": [
        {
          "schema_version": 0,
          "attributes": {
            "admin_account_id": "535160911602",
            "id": "535160911602"
          },
          "sensitive_attributes": [],
          "private": "bnVsbA==",
          "dependencies": [
            "data.aws_caller_identity.current"
          ]
        }
      ]
    },
    {
      "mode": "managed",
      "type": "null_resource",
      "name": "auto_enable",
      "provider": "provider[\"registry.terraform.io/hashicorp/null\"]",
      "instances": [
        {
          "schema_version": 0,
          "attributes": {
            "id": "5108453554463149265",
            "triggers": null
          },
          "sensitive_attributes": [],
          "private": "bnVsbA==",
          "dependencies": [
            "aws_macie2_account.this"
          ]
        }
      ]
    }
  ]
}
